
Microsoft Visual Studio Solution File, Format Version 12.00
# Visual Studio Version 16
VisualStudioVersion = 16.0.31205.134
MinimumVisualStudioVersion = 10.0.40219.1
Project("{FAE04EC0-301F-11D3-BF4B-00C04F79EFBC}") = "NewWorldCooldownTracker", "NewWorldCooldownTracker\NewWorldCooldownTracker.csproj", "{AB3C71BE-5381-4C97-B794-AF0252CFCF9E}"
EndProject
Project("{FAE04EC0-301F-11D3-BF4B-00C04F79EFBC}") = "Terminal", "Terminal\Terminal.csproj", "{B63F7DC4-CBC7-4B5E-A924-818DBC52C6DA}"
EndProject
Global
	GlobalSection(SolutionConfigurationPlatforms) = preSolution
		Debug|Any CPU = Debug|Any CPU
		Release|Any CPU = Release|Any CPU
	EndGlobalSection
	GlobalSection(ProjectConfigurationPlatforms) = postSolution
		{AB3C71BE-5381-4C97-B794-AF0252CFCF9E}.Debug|Any CPU.ActiveCfg = Debug|Any CPU
		{AB3C71BE-5381-4C97-B794-AF0252CFCF9E}.Debug|Any CPU.Build.0 = Debug|Any CPU
		{AB3C71BE-5381-4C97-B794-AF0252CFCF9E}.Release|Any CPU.ActiveCfg = Release|Any CPU
		{AB3C71BE-5381-4C97-B794-AF0252CFCF9E}.Release|Any CPU.Build.0 = Release|Any CPU
		{B63F7DC4-CBC7-4B5E-A924-818DBC52C6DA}.Debug|Any CPU.ActiveCfg = Debug|Any CPU
		{B63F7DC4-CBC7-4B5E-A924-818DBC52C6DA}.Debug|Any CPU.Build.0 = Debug|Any CPU
		{B63F7DC4-CBC7-4B5E-A924-818DBC52C6DA}.Release|Any CPU.ActiveCfg = Release|Any CPU
		{B63F7DC4-CBC7-4B5E-A924-818DBC52C6DA}.Release|Any CPU.Build.0 = Release|Any CPU
	EndGlobalSection
	GlobalSection(SolutionProperties) = preSolution
		HideSolutionNode = FALSE
	EndGlobalSection
	GlobalSection(ExtensibilityGlobals) = postSolution
		SolutionGuid = {D05495DD-FD92-4666-96E8-DD7946441D7B}
	EndGlobalSection
EndGlobal
